
Microsoft Visual Studio Solution File, Format Version 12.00
# Visual Studio Version 16
VisualStudioVersion = 16.0.30907.101
MinimumVisualStudioVersion = 10.0.40219.1
Project("{FAE04EC0-301F-11D3-BF4B-00C04F79EFBC}") = "RomanBuszkoLab6", "RomanBuszkoLab6\RomanBuszkoLab6.csproj", "{1A394BCF-CBB4-4E40-8372-D1552284B4C5}"
EndProject
Global
	GlobalSection(SolutionConfigurationPlatforms) = preSolution
		Debug|Any CPU = Debug|Any CPU
		Release|Any CPU = Release|Any CPU
	EndGlobalSection
	GlobalSection(ProjectConfigurationPlatforms) = postSolution
		{1A394BCF-CBB4-4E40-8372-D1552284B4C5}.Debug|Any CPU.ActiveCfg = Debug|Any CPU
		{1A394BCF-CBB4-4E40-8372-D1552284B4C5}.Debug|Any CPU.Build.0 = Debug|Any CPU
		{1A394BCF-CBB4-4E40-8372-D1552284B4C5}.Release|Any CPU.ActiveCfg = Release|Any CPU
		{1A394BCF-CBB4-4E40-8372-D1552284B4C5}.Release|Any CPU.Build.0 = Release|Any CPU
	EndGlobalSection
	GlobalSection(SolutionProperties) = preSolution
		HideSolutionNode = FALSE
	EndGlobalSection
	GlobalSection(ExtensibilityGlobals) = postSolution
		SolutionGuid = {87F37EE3-9151-4609-AC62-5E6ADB3B816F}
	EndGlobalSection
EndGlobal
