
Microsoft Visual Studio Solution File, Format Version 12.00
# Visual Studio Version 16
VisualStudioVersion = 16.0.30907.101
MinimumVisualStudioVersion = 10.0.40219.1
Project("{FAE04EC0-301F-11D3-BF4B-00C04F79EFBC}") = "School", "School\School.csproj", "{048A4139-0F83-40AF-9C33-0CE12CF73422}"
EndProject
Global
	GlobalSection(SolutionConfigurationPlatforms) = preSolution
		Debug|Any CPU = Debug|Any CPU
		Release|Any CPU = Release|Any CPU
	EndGlobalSection
	GlobalSection(ProjectConfigurationPlatforms) = postSolution
		{048A4139-0F83-40AF-9C33-0CE12CF73422}.Debug|Any CPU.ActiveCfg = Debug|Any CPU
		{048A4139-0F83-40AF-9C33-0CE12CF73422}.Debug|Any CPU.Build.0 = Debug|Any CPU
		{048A4139-0F83-40AF-9C33-0CE12CF73422}.Release|Any CPU.ActiveCfg = Release|Any CPU
		{048A4139-0F83-40AF-9C33-0CE12CF73422}.Release|Any CPU.Build.0 = Release|Any CPU
	EndGlobalSection
	GlobalSection(SolutionProperties) = preSolution
		HideSolutionNode = FALSE
	EndGlobalSection
	GlobalSection(ExtensibilityGlobals) = postSolution
		SolutionGuid = {ACD6115F-50EB-4129-B0E9-130FA0BF0BA3}
	EndGlobalSection
EndGlobal
