
Microsoft Visual Studio Solution File, Format Version 12.00
# Visual Studio Version 16
VisualStudioVersion = 16.0.30907.101
MinimumVisualStudioVersion = 10.0.40219.1
Project("{FAE04EC0-301F-11D3-BF4B-00C04F79EFBC}") = "Restauracja", "Restauracja\Restauracja.csproj", "{B1F21E9C-FA8D-4D0E-B132-4D65930E2A99}"
EndProject
Global
	GlobalSection(SolutionConfigurationPlatforms) = preSolution
		Debug|Any CPU = Debug|Any CPU
		Release|Any CPU = Release|Any CPU
	EndGlobalSection
	GlobalSection(ProjectConfigurationPlatforms) = postSolution
		{B1F21E9C-FA8D-4D0E-B132-4D65930E2A99}.Debug|Any CPU.ActiveCfg = Debug|Any CPU
		{B1F21E9C-FA8D-4D0E-B132-4D65930E2A99}.Debug|Any CPU.Build.0 = Debug|Any CPU
		{B1F21E9C-FA8D-4D0E-B132-4D65930E2A99}.Release|Any CPU.ActiveCfg = Release|Any CPU
		{B1F21E9C-FA8D-4D0E-B132-4D65930E2A99}.Release|Any CPU.Build.0 = Release|Any CPU
	EndGlobalSection
	GlobalSection(SolutionProperties) = preSolution
		HideSolutionNode = FALSE
	EndGlobalSection
	GlobalSection(ExtensibilityGlobals) = postSolution
		SolutionGuid = {D9B9439D-3E3A-403E-A9B6-BF53E077152D}
	EndGlobalSection
EndGlobal
