
Microsoft Visual Studio Solution File, Format Version 12.00
# Visual Studio Version 16
VisualStudioVersion = 16.0.30717.126
MinimumVisualStudioVersion = 10.0.40219.1
Project("{FAE04EC0-301F-11D3-BF4B-00C04F79EFBC}") = "RomanBuszkoLab2", "RomanBuszkoLab2\RomanBuszkoLab2.csproj", "{DAA8761A-780E-4A98-B69B-17AB9EEFCCC1}"
EndProject
Global
	GlobalSection(SolutionConfigurationPlatforms) = preSolution
		Debug|Any CPU = Debug|Any CPU
		Release|Any CPU = Release|Any CPU
	EndGlobalSection
	GlobalSection(ProjectConfigurationPlatforms) = postSolution
		{DAA8761A-780E-4A98-B69B-17AB9EEFCCC1}.Debug|Any CPU.ActiveCfg = Debug|Any CPU
		{DAA8761A-780E-4A98-B69B-17AB9EEFCCC1}.Debug|Any CPU.Build.0 = Debug|Any CPU
		{DAA8761A-780E-4A98-B69B-17AB9EEFCCC1}.Release|Any CPU.ActiveCfg = Release|Any CPU
		{DAA8761A-780E-4A98-B69B-17AB9EEFCCC1}.Release|Any CPU.Build.0 = Release|Any CPU
	EndGlobalSection
	GlobalSection(SolutionProperties) = preSolution
		HideSolutionNode = FALSE
	EndGlobalSection
	GlobalSection(ExtensibilityGlobals) = postSolution
		SolutionGuid = {EBDB6D82-1011-403D-8DA2-09765B694D9F}
	EndGlobalSection
EndGlobal
