
Microsoft Visual Studio Solution File, Format Version 12.00
# Visual Studio Version 16
VisualStudioVersion = 16.0.30717.126
MinimumVisualStudioVersion = 10.0.40219.1
Project("{FAE04EC0-301F-11D3-BF4B-00C04F79EFBC}") = "RomanBuszkoLab1", "RomanBuszkoLab1\RomanBuszkoLab1.csproj", "{84D59991-B7AF-4EF7-81A8-B5A45B593EAD}"
EndProject
Global
	GlobalSection(SolutionConfigurationPlatforms) = preSolution
		Debug|Any CPU = Debug|Any CPU
		Release|Any CPU = Release|Any CPU
	EndGlobalSection
	GlobalSection(ProjectConfigurationPlatforms) = postSolution
		{84D59991-B7AF-4EF7-81A8-B5A45B593EAD}.Debug|Any CPU.ActiveCfg = Debug|Any CPU
		{84D59991-B7AF-4EF7-81A8-B5A45B593EAD}.Debug|Any CPU.Build.0 = Debug|Any CPU
		{84D59991-B7AF-4EF7-81A8-B5A45B593EAD}.Release|Any CPU.ActiveCfg = Release|Any CPU
		{84D59991-B7AF-4EF7-81A8-B5A45B593EAD}.Release|Any CPU.Build.0 = Release|Any CPU
	EndGlobalSection
	GlobalSection(SolutionProperties) = preSolution
		HideSolutionNode = FALSE
	EndGlobalSection
	GlobalSection(ExtensibilityGlobals) = postSolution
		SolutionGuid = {38667FB5-14E3-4BB7-9EA2-CC8C8A146376}
	EndGlobalSection
EndGlobal
