
Microsoft Visual Studio Solution File, Format Version 12.00
# Visual Studio Version 16
VisualStudioVersion = 16.0.30907.101
MinimumVisualStudioVersion = 10.0.40219.1
Project("{FAE04EC0-301F-11D3-BF4B-00C04F79EFBC}") = "RomanBuszkoLab7", "RomanBuszkoLab7\RomanBuszkoLab7.csproj", "{B7CE5EFB-CACB-42E4-BD82-60783D2D8998}"
EndProject
Global
	GlobalSection(SolutionConfigurationPlatforms) = preSolution
		Debug|Any CPU = Debug|Any CPU
		Release|Any CPU = Release|Any CPU
	EndGlobalSection
	GlobalSection(ProjectConfigurationPlatforms) = postSolution
		{B7CE5EFB-CACB-42E4-BD82-60783D2D8998}.Debug|Any CPU.ActiveCfg = Debug|Any CPU
		{B7CE5EFB-CACB-42E4-BD82-60783D2D8998}.Debug|Any CPU.Build.0 = Debug|Any CPU
		{B7CE5EFB-CACB-42E4-BD82-60783D2D8998}.Release|Any CPU.ActiveCfg = Release|Any CPU
		{B7CE5EFB-CACB-42E4-BD82-60783D2D8998}.Release|Any CPU.Build.0 = Release|Any CPU
	EndGlobalSection
	GlobalSection(SolutionProperties) = preSolution
		HideSolutionNode = FALSE
	EndGlobalSection
	GlobalSection(ExtensibilityGlobals) = postSolution
		SolutionGuid = {73EF36BF-C227-48AA-9A84-14E8F775FE58}
	EndGlobalSection
EndGlobal
